
Microsoft Visual Studio Solution File, Format Version 12.00
# Visual Studio Version 17
VisualStudioVersion = 17.9.34607.119
MinimumVisualStudioVersion = 10.0.40219.1
Project("{FAE04EC0-301F-11D3-BF4B-00C04F79EFBC}") = "Bereitschaftsplaner", "Bereitschaftsplaner.csproj", "{6E16A306-B1F0-4278-868C-99C72C5F0D30}"
EndProject
Project("{54435603-DBB4-11D2-8724-00A0C9A8B90C}") = "Bereitschaftsplaner_Setup", "..\Bereitschaftsplaner_Setup\Bereitschaftsplaner_Setup.vdproj", "{177F13AB-CC09-63BD-51E1-2B4CCF97E78C}"
EndProject
Global
	GlobalSection(SolutionConfigurationPlatforms) = preSolution
		Debug|Any CPU = Debug|Any CPU
		Release|Any CPU = Release|Any CPU
	EndGlobalSection
	GlobalSection(ProjectConfigurationPlatforms) = postSolution
		{6E16A306-B1F0-4278-868C-99C72C5F0D30}.Debug|Any CPU.ActiveCfg = Debug|Any CPU
		{6E16A306-B1F0-4278-868C-99C72C5F0D30}.Debug|Any CPU.Build.0 = Debug|Any CPU
		{6E16A306-B1F0-4278-868C-99C72C5F0D30}.Release|Any CPU.ActiveCfg = Release|Any CPU
		{6E16A306-B1F0-4278-868C-99C72C5F0D30}.Release|Any CPU.Build.0 = Release|Any CPU
		{177F13AB-CC09-63BD-51E1-2B4CCF97E78C}.Debug|Any CPU.ActiveCfg = Release
		{177F13AB-CC09-63BD-51E1-2B4CCF97E78C}.Release|Any CPU.ActiveCfg = Release
	EndGlobalSection
	GlobalSection(SolutionProperties) = preSolution
		HideSolutionNode = FALSE
	EndGlobalSection
	GlobalSection(ExtensibilityGlobals) = postSolution
		SolutionGuid = {02E81C1B-9BBA-4D7B-8DEA-D32301070C6F}
	EndGlobalSection
	GlobalSection(SolutionConfigurationPlatforms) = preSolution
		Debug|Any CPU = Debug|Any CPU
		Release|Any CPU = Release|Any CPU
	EndGlobalSection
EndGlobal
